{
  "lockfileVersion": 1,
  "configVersion": 1,
  "workspaces": {
    "": {
      "name": "data",
      "dependencies": {
        "camelcase-keys": "^10.0.2",
      },
      "devDependencies": {
        "@types/bun": "^1.3.9",
        "@types/node": "^25.3.3",
      },
      "peerDependencies": {
        "typescript": "^5",
      },
    },
  },
  "packages": {
    "@types/bun": ["@types/bun@1.3.9", "", { "dependencies": { "bun-types": "1.3.9" } }, "sha512-KQ571yULOdWJiMH+RIWIOZ7B2RXQGpL1YQrBtLIV3FqDcCu6FsbFUBwhdKUlCKUpS3PJDsHlJ1QKlpxoVR+xtw=="],

    "@types/node": ["@types/node@25.3.3", "", { "dependencies": { "undici-types": "~7.18.0" } }, "sha512-DpzbrH7wIcBaJibpKo9nnSQL0MTRdnWttGyE5haGwK86xgMOkFLp7vEyfQPGLOJh5wNYiJ3V9PmUMDhV9u8kkQ=="],

    "bun-types": ["bun-types@1.3.9", "", { "dependencies": { "@types/node": "*" } }, "sha512-+UBWWOakIP4Tswh0Bt0QD0alpTY8cb5hvgiYeWCMet9YukHbzuruIEeXC2D7nMJPB12kbh8C7XJykSexEqGKJg=="],

    "camelcase": ["camelcase@9.0.0", "", {}, "sha512-TO9xmyXTZ9HUHI8M1OnvExxYB0eYVS/1e5s7IDMTAoIcwUd+aNcFODs6Xk83mobk0velyHFQgA1yIrvYc6wclw=="],

    "camelcase-keys": ["camelcase-keys@10.0.2", "", { "dependencies": { "camelcase": "^9.0.0", "map-obj": "6.0.0", "quick-lru": "^7.3.0", "type-fest": "^5.4.1" } }, "sha512-PVHCLVbJ7nWGal0lPAmBN5eSLjIynlMUk2EPmL9aPl6QyJ6+FoszTKwldPzkuVqg5teZbPTbb8Oenzyw9GSJRw=="],

    "map-obj": ["map-obj@6.0.0", "", {}, "sha512-PwDvwt/tK70+luLw5k9ySLtzLAzwf7tZTY9GBj63Y010nHRPjwHcQTpTd5JwQqITC2ty7prtxBo71iwyYY0TAg=="],

    "quick-lru": ["quick-lru@7.3.0", "", {}, "sha512-k9lSsjl36EJdK7I06v7APZCbyGT2vMTsYSRX1Q2nbYmnkBqgUhRkAuzH08Ciotteu/PLJmIF2+tti7o3C/ts2g=="],

    "tagged-tag": ["tagged-tag@1.0.0", "", {}, "sha512-yEFYrVhod+hdNyx7g5Bnkkb0G6si8HJurOoOEgC8B/O0uXLHlaey/65KRv6cuWBNhBgHKAROVpc7QyYqE5gFng=="],

    "type-fest": ["type-fest@5.4.4", "", { "dependencies": { "tagged-tag": "^1.0.0" } }, "sha512-JnTrzGu+zPV3aXIUhnyWJj4z/wigMsdYajGLIYakqyOW1nPllzXEJee0QQbHj+CTIQtXGlAjuK0UY+2xTyjVAw=="],

    "typescript": ["typescript@5.9.3", "", { "bin": { "tsc": "bin/tsc", "tsserver": "bin/tsserver" } }, "sha512-jl1vZzPDinLr9eUt3J/t7V6FgNEw9QjvBPdysz9KfQDD41fQrC2Y4vKQdiaUpFT4bXlb1RHhLpp8wtm6M5TgSw=="],

    "undici-types": ["undici-types@7.18.2", "", {}, "sha512-AsuCzffGHJybSaRrmr5eHr81mwJU3kjw6M+uprWvCXiNeN9SOGwQ3Jn8jb8m3Z6izVgknn1R0FTCEAP2QrLY/w=="],
  }
}
